
Microsoft Visual Studio Solution File, Format Version 12.00
# Visual Studio Version 16
VisualStudioVersion = 16.0.30114.105
MinimumVisualStudioVersion = 10.0.40219.1
Project("{FAE04EC0-301F-11D3-BF4B-00C04F79EFBC}") = "WDPR-A", "src\WDPR-A.csproj", "{A33EE9ED-D61D-4396-81FD-61210722838F}"
EndProject
Project("{FAE04EC0-301F-11D3-BF4B-00C04F79EFBC}") = "test", "test\test.csproj", "{BCF1DDDF-9383-4F6C-9805-6D17EB45DDB1}"
EndProject
Global
	GlobalSection(SolutionConfigurationPlatforms) = preSolution
		Debug|Any CPU = Debug|Any CPU
		Release|Any CPU = Release|Any CPU
	EndGlobalSection
	GlobalSection(SolutionProperties) = preSolution
		HideSolutionNode = FALSE
	EndGlobalSection
	GlobalSection(ProjectConfigurationPlatforms) = postSolution
		{A33EE9ED-D61D-4396-81FD-61210722838F}.Debug|Any CPU.ActiveCfg = Debug|Any CPU
		{A33EE9ED-D61D-4396-81FD-61210722838F}.Debug|Any CPU.Build.0 = Debug|Any CPU
		{A33EE9ED-D61D-4396-81FD-61210722838F}.Release|Any CPU.ActiveCfg = Release|Any CPU
		{A33EE9ED-D61D-4396-81FD-61210722838F}.Release|Any CPU.Build.0 = Release|Any CPU
		{BCF1DDDF-9383-4F6C-9805-6D17EB45DDB1}.Debug|Any CPU.ActiveCfg = Debug|Any CPU
		{BCF1DDDF-9383-4F6C-9805-6D17EB45DDB1}.Debug|Any CPU.Build.0 = Debug|Any CPU
		{BCF1DDDF-9383-4F6C-9805-6D17EB45DDB1}.Release|Any CPU.ActiveCfg = Release|Any CPU
		{BCF1DDDF-9383-4F6C-9805-6D17EB45DDB1}.Release|Any CPU.Build.0 = Release|Any CPU
	EndGlobalSection
EndGlobal
